
Microsoft Visual Studio Solution File, Format Version 12.00
# Visual Studio Version 16
VisualStudioVersion = 16.0.31313.79
MinimumVisualStudioVersion = 10.0.40219.1
Project("{FAE04EC0-301F-11D3-BF4B-00C04F79EFBC}") = "CarsAppAPI.Android", "CarsAppAPI.Android\CarsAppAPI.Android.csproj", "{893DA5CB-CD48-460B-9D31-0E5132551AB2}"
EndProject
Project("{FAE04EC0-301F-11D3-BF4B-00C04F79EFBC}") = "CarsAppAPI.iOS", "CarsAppAPI.iOS\CarsAppAPI.iOS.csproj", "{36E55B62-DE7A-4A41-A825-C9A29370B094}"
EndProject
Project("{FAE04EC0-301F-11D3-BF4B-00C04F79EFBC}") = "CarsAppAPI", "CarsAppAPI\CarsAppAPI.csproj", "{54217001-7DB4-4385-8BC9-D61D538293D0}"
EndProject
Global
	GlobalSection(SolutionConfigurationPlatforms) = preSolution
		Debug|Any CPU = Debug|Any CPU
		Debug|iPhone = Debug|iPhone
		Debug|iPhoneSimulator = Debug|iPhoneSimulator
		Release|Any CPU = Release|Any CPU
		Release|iPhone = Release|iPhone
		Release|iPhoneSimulator = Release|iPhoneSimulator
	EndGlobalSection
	GlobalSection(ProjectConfigurationPlatforms) = postSolution
		{893DA5CB-CD48-460B-9D31-0E5132551AB2}.Debug|Any CPU.ActiveCfg = Debug|Any CPU
		{893DA5CB-CD48-460B-9D31-0E5132551AB2}.Debug|Any CPU.Build.0 = Debug|Any CPU
		{893DA5CB-CD48-460B-9D31-0E5132551AB2}.Debug|Any CPU.Deploy.0 = Debug|Any CPU
		{893DA5CB-CD48-460B-9D31-0E5132551AB2}.Debug|iPhone.ActiveCfg = Debug|Any CPU
		{893DA5CB-CD48-460B-9D31-0E5132551AB2}.Debug|iPhone.Build.0 = Debug|Any CPU
		{893DA5CB-CD48-460B-9D31-0E5132551AB2}.Debug|iPhone.Deploy.0 = Debug|Any CPU
		{893DA5CB-CD48-460B-9D31-0E5132551AB2}.Debug|iPhoneSimulator.ActiveCfg = Debug|Any CPU
		{893DA5CB-CD48-460B-9D31-0E5132551AB2}.Debug|iPhoneSimulator.Build.0 = Debug|Any CPU
		{893DA5CB-CD48-460B-9D31-0E5132551AB2}.Debug|iPhoneSimulator.Deploy.0 = Debug|Any CPU
		{893DA5CB-CD48-460B-9D31-0E5132551AB2}.Release|Any CPU.ActiveCfg = Release|Any CPU
		{893DA5CB-CD48-460B-9D31-0E5132551AB2}.Release|Any CPU.Build.0 = Release|Any CPU
		{893DA5CB-CD48-460B-9D31-0E5132551AB2}.Release|Any CPU.Deploy.0 = Release|Any CPU
		{893DA5CB-CD48-460B-9D31-0E5132551AB2}.Release|iPhone.ActiveCfg = Release|Any CPU
		{893DA5CB-CD48-460B-9D31-0E5132551AB2}.Release|iPhone.Build.0 = Release|Any CPU
		{893DA5CB-CD48-460B-9D31-0E5132551AB2}.Release|iPhone.Deploy.0 = Release|Any CPU
		{893DA5CB-CD48-460B-9D31-0E5132551AB2}.Release|iPhoneSimulator.ActiveCfg = Release|Any CPU
		{893DA5CB-CD48-460B-9D31-0E5132551AB2}.Release|iPhoneSimulator.Build.0 = Release|Any CPU
		{893DA5CB-CD48-460B-9D31-0E5132551AB2}.Release|iPhoneSimulator.Deploy.0 = Release|Any CPU
		{36E55B62-DE7A-4A41-A825-C9A29370B094}.Debug|Any CPU.ActiveCfg = Debug|iPhone
		{36E55B62-DE7A-4A41-A825-C9A29370B094}.Debug|Any CPU.Build.0 = Debug|iPhone
		{36E55B62-DE7A-4A41-A825-C9A29370B094}.Debug|Any CPU.Deploy.0 = Debug|iPhone
		{36E55B62-DE7A-4A41-A825-C9A29370B094}.Debug|iPhone.ActiveCfg = Debug|iPhone
		{36E55B62-DE7A-4A41-A825-C9A29370B094}.Debug|iPhone.Build.0 = Debug|iPhone
		{36E55B62-DE7A-4A41-A825-C9A29370B094}.Debug|iPhone.Deploy.0 = Debug|iPhone
		{36E55B62-DE7A-4A41-A825-C9A29370B094}.Debug|iPhoneSimulator.ActiveCfg = Debug|iPhoneSimulator
		{36E55B62-DE7A-4A41-A825-C9A29370B094}.Debug|iPhoneSimulator.Build.0 = Debug|iPhoneSimulator
		{36E55B62-DE7A-4A41-A825-C9A29370B094}.Debug|iPhoneSimulator.Deploy.0 = Debug|iPhoneSimulator
		{36E55B62-DE7A-4A41-A825-C9A29370B094}.Release|Any CPU.ActiveCfg = Release|iPhoneSimulator
		{36E55B62-DE7A-4A41-A825-C9A29370B094}.Release|Any CPU.Build.0 = Release|iPhoneSimulator
		{36E55B62-DE7A-4A41-A825-C9A29370B094}.Release|Any CPU.Deploy.0 = Release|iPhoneSimulator
		{36E55B62-DE7A-4A41-A825-C9A29370B094}.Release|iPhone.ActiveCfg = Release|iPhone
		{36E55B62-DE7A-4A41-A825-C9A29370B094}.Release|iPhone.Build.0 = Release|iPhone
		{36E55B62-DE7A-4A41-A825-C9A29370B094}.Release|iPhone.Deploy.0 = Release|iPhone
		{36E55B62-DE7A-4A41-A825-C9A29370B094}.Release|iPhoneSimulator.ActiveCfg = Release|iPhoneSimulator
		{36E55B62-DE7A-4A41-A825-C9A29370B094}.Release|iPhoneSimulator.Build.0 = Release|iPhoneSimulator
		{36E55B62-DE7A-4A41-A825-C9A29370B094}.Release|iPhoneSimulator.Deploy.0 = Release|iPhoneSimulator
		{54217001-7DB4-4385-8BC9-D61D538293D0}.Debug|Any CPU.ActiveCfg = Debug|Any CPU
		{54217001-7DB4-4385-8BC9-D61D538293D0}.Debug|Any CPU.Build.0 = Debug|Any CPU
		{54217001-7DB4-4385-8BC9-D61D538293D0}.Debug|Any CPU.Deploy.0 = Debug|Any CPU
		{54217001-7DB4-4385-8BC9-D61D538293D0}.Debug|iPhone.ActiveCfg = Debug|Any CPU
		{54217001-7DB4-4385-8BC9-D61D538293D0}.Debug|iPhone.Build.0 = Debug|Any CPU
		{54217001-7DB4-4385-8BC9-D61D538293D0}.Debug|iPhone.Deploy.0 = Debug|Any CPU
		{54217001-7DB4-4385-8BC9-D61D538293D0}.Debug|iPhoneSimulator.ActiveCfg = Debug|Any CPU
		{54217001-7DB4-4385-8BC9-D61D538293D0}.Debug|iPhoneSimulator.Build.0 = Debug|Any CPU
		{54217001-7DB4-4385-8BC9-D61D538293D0}.Debug|iPhoneSimulator.Deploy.0 = Debug|Any CPU
		{54217001-7DB4-4385-8BC9-D61D538293D0}.Release|Any CPU.ActiveCfg = Release|Any CPU
		{54217001-7DB4-4385-8BC9-D61D538293D0}.Release|Any CPU.Build.0 = Release|Any CPU
		{54217001-7DB4-4385-8BC9-D61D538293D0}.Release|Any CPU.Deploy.0 = Release|Any CPU
		{54217001-7DB4-4385-8BC9-D61D538293D0}.Release|iPhone.ActiveCfg = Release|Any CPU
		{54217001-7DB4-4385-8BC9-D61D538293D0}.Release|iPhone.Build.0 = Release|Any CPU
		{54217001-7DB4-4385-8BC9-D61D538293D0}.Release|iPhone.Deploy.0 = Release|Any CPU
		{54217001-7DB4-4385-8BC9-D61D538293D0}.Release|iPhoneSimulator.ActiveCfg = Release|Any CPU
		{54217001-7DB4-4385-8BC9-D61D538293D0}.Release|iPhoneSimulator.Build.0 = Release|Any CPU
		{54217001-7DB4-4385-8BC9-D61D538293D0}.Release|iPhoneSimulator.Deploy.0 = Release|Any CPU
	EndGlobalSection
	GlobalSection(SolutionProperties) = preSolution
		HideSolutionNode = FALSE
	EndGlobalSection
	GlobalSection(ExtensibilityGlobals) = postSolution
		SolutionGuid = {0B91B059-09CC-4B68-BADE-081C18D85F39}
	EndGlobalSection
EndGlobal
